
Microsoft Visual Studio Solution File, Format Version 12.00
# Visual Studio 15
VisualStudioVersion = 15.0.27428.2043
MinimumVisualStudioVersion = 10.0.40219.1
Project("{FAE04EC0-301F-11D3-BF4B-00C04F79EFBC}") = "ASW.APIServices.VMS", "src\ASW.APIServices.VMS\ASW.APIServices.VMS.csproj", "{1EBC7BF6-C48C-4826-ABF3-C3C3C41CAA3B}"
EndProject
Global
    GlobalSection(SolutionConfigurationPlatforms) = preSolution
        Debug|Any CPU = Debug|Any CPU
        Release|Any CPU = Release|Any CPU
    EndGlobalSection
    GlobalSection(ProjectConfigurationPlatforms) = postSolution
        {1EBC7BF6-C48C-4826-ABF3-C3C3C41CAA3B}.Debug|Any CPU.ActiveCfg = Debug|Any CPU
        {1EBC7BF6-C48C-4826-ABF3-C3C3C41CAA3B}.Debug|Any CPU.Build.0 = Debug|Any CPU
        {1EBC7BF6-C48C-4826-ABF3-C3C3C41CAA3B}.Release|Any CPU.ActiveCfg = Release|Any CPU
        {1EBC7BF6-C48C-4826-ABF3-C3C3C41CAA3B}.Release|Any CPU.Build.0 = Release|Any CPU
    EndGlobalSection
    GlobalSection(SolutionProperties) = preSolution
        HideSolutionNode = FALSE
    EndGlobalSection
EndGlobal
